// !$*UTF8*$!
{
	archiveVersion = 1;
	classes = {
	};
	objectVersion = 50;
	objects = {

/* Begin PBXBuildFile section */
		877AE45D2398FC7E008835AB /* AppDelegate.swift in Sources */ = {isa = PBXBuildFile; fileRef = 877AE45C2398FC7E008835AB /* AppDelegate.swift */; };
		877AE45F2398FC7E008835AB /* SceneDelegate.swift in Sources */ = {isa = PBXBuildFile; fileRef = 877AE45E2398FC7E008835AB /* SceneDelegate.swift */; };
		877AE4612398FC7E008835AB /* ViewController.swift in Sources */ = {isa = PBXBuildFile; fileRef = 877AE4602398FC7E008835AB /* ViewController.swift */; };
		877AE4642398FC7E008835AB /* Main.storyboard in Resources */ = {isa = PBXBuildFile; fileRef = 877AE4622398FC7E008835AB /* Main.storyboard */; };
		877AE4672398FC7E008835AB /* MAD2_Revision2.xcdatamodeld in Sources */ = {isa = PBXBuildFile; fileRef = 877AE4652398FC7E008835AB /* MAD2_Revision2.xcdatamodeld */; };
		877AE4692398FC7E008835AB /* Assets.xcassets in Resources */ = {isa = PBXBuildFile; fileRef = 877AE4682398FC7E008835AB /* Assets.xcassets */; };
		877AE46C2398FC7E008835AB /* LaunchScreen.storyboard in Resources */ = {isa = PBXBuildFile; fileRef = 877AE46A2398FC7E008835AB /* LaunchScreen.storyboard */; };
		877AE4742399014C008835AB /* RecipeTableViewController.swift in Sources */ = {isa = PBXBuildFile; fileRef = 877AE4732399014C008835AB /* RecipeTableViewController.swift */; };
/* End PBXBuildFile section */

/* Begin PBXFileReference section */
		877AE4592398FC7E008835AB /* MAD2_Revision2.app */ = {isa = PBXFileReference; explicitFileType = wrapper.application; includeInIndex = 0; path = MAD2_Revision2.app; sourceTree = BUILT_PRODUCTS_DIR; };
		877AE45C2398FC7E008835AB /* AppDelegate.swift */ = {isa = PBXFileReference; lastKnownFileType = sourcecode.swift; path = AppDelegate.swift; sourceTree = "<group>"; };
		877AE45E2398FC7E008835AB /* SceneDelegate.swift */ = {isa = PBXFileReference; lastKnownFileType = sourcecode.swift; path = SceneDelegate.swift; sourceTree = "<group>"; };
		877AE4602398FC7E008835AB /* ViewController.swift */ = {isa = PBXFileReference; lastKnownFileType = sourcecode.swift; path = ViewController.swift; sourceTree = "<group>"; };
		877AE4632398FC7E008835AB /* Base */ = {isa = PBXFileReference; lastKnownFileType = file.storyboard; name = Base; path = Base.lproj/Main.storyboard; sourceTree = "<group>"; };
		877AE4662398FC7E008835AB /* MAD2_Revision2.xcdatamodel */ = {isa = PBXFileReference; lastKnownFileType = wrapper.xcdatamodel; path = MAD2_Revision2.xcdatamodel; sourceTree = "<group>"; };
		877AE4682398FC7E008835AB /* Assets.xcassets */ = {isa = PBXFileReference; lastKnownFileType = folder.assetcatalog; path = Assets.xcassets; sourceTree = "<group>"; };
		877AE46B2398FC7E008835AB /* Base */ = {isa = PBXFileReference; lastKnownFileType = file.storyboard; name = Base; path = Base.lproj/LaunchScreen.storyboard; sourceTree = "<group>"; };
		877AE46D2398FC7E008835AB /* Info.plist */ = {isa = PBXFileReference; lastKnownFileType = text.plist.xml; path = Info.plist; sourceTree = "<group>"; };
		877AE4732399014C008835AB /* RecipeTableViewController.swift */ = {isa = PBXFileReference; lastKnownFileType = sourcecode.swift; path = RecipeTableViewController.swift; sourceTree = "<group>"; };
/* End PBXFileReference section */

/* Begin PBXFrameworksBuildPhase section */
		877AE4562398FC7E008835AB /* Frameworks */ = {
			isa = PBXFrameworksBuildPhase;
			buildActionMask = 2147483647;
			files = (
			);
			runOnlyForDeploymentPostprocessing = 0;
		};
/* End PBXFrameworksBuildPhase section */

/* Begin PBXGroup section */
		877AE4502398FC7E008835AB = {
			isa = PBXGroup;
			children = (
				877AE45B2398FC7E008835AB /* MAD2_Revision2 */,
				877AE45A2398FC7E008835AB /* Products */,
			);
			sourceTree = "<group>";
		};
		877AE45A2398FC7E008835AB /* Products */ = {
			isa = PBXGroup;
			children = (
				877AE4592398FC7E008835AB /* MAD2_Revision2.app */,
			);
			name = Products;
			sourceTree = "<group>";
		};
		877AE45B2398FC7E008835AB /* MAD2_Revision2 */ = {
			isa = PBXGroup;
			children = (
				877AE45C2398FC7E008835AB /* AppDelegate.swift */,
				877AE45E2398FC7E008835AB /* SceneDelegate.swift */,
				877AE4602398FC7E008835AB /* ViewController.swift */,
				877AE4622398FC7E008835AB /* Main.storyboard */,
				877AE4682398FC7E008835AB /* Assets.xcassets */,
				877AE46A2398FC7E008835AB /* LaunchScreen.storyboard */,
				877AE46D2398FC7E008835AB /* Info.plist */,
				877AE4652398FC7E008835AB /* MAD2_Revision2.xcdatamodeld */,
				877AE4732399014C008835AB /* RecipeTableViewController.swift */,
			);
			path = MAD2_Revision2;
			sourceTree = "<group>";
		};
/* End PBXGroup section */

/* Begin PBXNativeTarget section */
		877AE4582398FC7E008835AB /* MAD2_Revision2 */ = {
			isa = PBXNativeTarget;
			buildConfigurationList = 877AE4702398FC7E008835AB /* Build configuration list for PBXNativeTarget "MAD2_Revision2" */;
			buildPhases = (
				877AE4552398FC7E008835AB /* Sources */,
				877AE4562398FC7E008835AB /* Frameworks */,
				877AE4572398FC7E008835AB /* Resources */,
			);
			buildRules = (
			);
			dependencies = (
			);
			name = MAD2_Revision2;
			productName = MAD2_Revision2;
			productReference = 877AE4592398FC7E008835AB /* MAD2_Revision2.app */;
			productType = "com.apple.product-type.application";
		};
/* End PBXNativeTarget section */

/* Begin PBXProject section */
		877AE4512398FC7E008835AB /* Project object */ = {
			isa = PBXProject;
			attributes = {
				LastSwiftUpdateCheck = 1100;
				LastUpgradeCheck = 1100;
				ORGANIZATIONNAME = MAD2_P02;
				TargetAttributes = {
					877AE4582398FC7E008835AB = {
						CreatedOnToolsVersion = 11.0;
					};
				};
			};
			buildConfigurationList = 877AE4542398FC7E008835AB /* Build configuration list for PBXProject "MAD2_Revision2" */;
			compatibilityVersion = "Xcode 9.3";
			developmentRegion = en;
			hasScannedForEncodings = 0;
			knownRegions = (
				en,
				Base,
			);
			mainGroup = 877AE4502398FC7E008835AB;
			productRefGroup = 877AE45A2398FC7E008835AB /* Products */;
			projectDirPath = "";
			projectRoot = "";
			targets = (
				877AE4582398FC7E008835AB /* MAD2_Revision2 */,
			);
		};
/* End PBXProject section */

/* Begin PBXResourcesBuildPhase section */
		877AE4572398FC7E008835AB /* Resources */ = {
			isa = PBXResourcesBuildPhase;
			buildActionMask = 2147483647;
			files = (
				877AE46C2398FC7E008835AB /* LaunchScreen.storyboard in Resources */,
				877AE4692398FC7E008835AB /* Assets.xcassets in Resources */,
				877AE4642398FC7E008835AB /* Main.storyboard in Resources */,
			);
			runOnlyForDeploymentPostprocessing = 0;
		};
/* End PBXResourcesBuildPhase section */

/* Begin PBXSourcesBuildPhase section */
		877AE4552398FC7E008835AB /* Sources */ = {
			isa = PBXSourcesBuildPhase;
			buildActionMask = 2147483647;
			files = (
				877AE4612398FC7E008835AB /* ViewController.swift in Sources */,
				877AE45D2398FC7E008835AB /* AppDelegate.swift in Sources */,
				877AE45F2398FC7E008835AB /* SceneDelegate.swift in Sources */,
				877AE4672398FC7E008835AB /* MAD2_Revision2.xcdatamodeld in Sources */,
				877AE4742399014C008835AB /* RecipeTableViewController.swift in Sources */,
			);
			runOnlyForDeploymentPostprocessing = 0;
		};
/* End PBXSourcesBuildPhase section */

/* Begin PBXVariantGroup section */
		877AE4622398FC7E008835AB /* Main.storyboard */ = {
			isa = PBXVariantGroup;
			children = (
				877AE4632398FC7E008835AB /* Base */,
			);
			name = Main.storyboard;
			sourceTree = "<group>";
		};
		877AE46A2398FC7E008835AB /* LaunchScreen.storyboard */ = {
			isa = PBXVariantGroup;
			children = (
				877AE46B2398FC7E008835AB /* Base */,
			);
			name = LaunchScreen.storyboard;
			sourceTree = "<group>";
		};
/* End PBXVariantGroup section */

/* Begin XCBuildConfiguration section */
		877AE46E2398FC7E008835AB /* Debug */ = {
			isa = XCBuildConfiguration;
			buildSettings = {
				ALWAYS_SEARCH_USER_PATHS = NO;
				CLANG_ANALYZER_NONNULL = YES;
				CLANG_ANALYZER_NUMBER_OBJECT_CONVERSION = YES_AGGRESSIVE;
				CLANG_CXX_LANGUAGE_STANDARD = "gnu++14";
				CLANG_CXX_LIBRARY = "libc++";
				CLANG_ENABLE_MODULES = YES;
				CLANG_ENABLE_OBJC_ARC = YES;
				CLANG_ENABLE_OBJC_WEAK = YES;
				CLANG_WARN_BLOCK_CAPTURE_AUTORELEASING = YES;
				CLANG_WARN_BOOL_CONVERSION = YES;
				CLANG_WARN_COMMA = YES;
				CLANG_WARN_CONSTANT_CONVERSION = YES;
				CLANG_WARN_DEPRECATED_OBJC_IMPLEMENTATIONS = YES;
				CLANG_WARN_DIRECT_OBJC_ISA_USAGE = YES_ERROR;
				CLANG_WARN_DOCUMENTATION_COMMENTS = YES;
				CLANG_WARN_EMPTY_BODY = YES;
				CLANG_WARN_ENUM_CONVERSION = YES;
				CLANG_WARN_INFINITE_RECURSION = YES;
				CLANG_WARN_INT_CONVERSION = YES;
				CLANG_WARN_NON_LITERAL_NULL_CONVERSION = YES;
				CLANG_WARN_OBJC_IMPLICIT_RETAIN_SELF = YES;
				CLANG_WARN_OBJC_LITERAL_CONVERSION = YES;
				CLANG_WARN_OBJC_ROOT_CLASS = YES_ERROR;
				CLANG_WARN_RANGE_LOOP_ANALYSIS = YES;
				CLANG_WARN_STRICT_PROTOTYPES = YES;
				CLANG_WARN_SUSPICIOUS_MOVE = YES;
				CLANG_WARN_UNGUARDED_AVAILABILITY = YES_AGGRESSIVE;
				CLANG_WARN_UNREACHABLE_CODE = YES;
				CLANG_WARN__DUPLICATE_METHOD_MATCH = YES;
				COPY_PHASE_STRIP = NO;
				DEBUG_INFORMATION_FORMAT = dwarf;
				ENABLE_STRICT_OBJC_MSGSEND = YES;
				ENABLE_TESTABILITY = YES;
				GCC_C_LANGUAGE_STANDARD = gnu11;
				GCC_DYNAMIC_NO_PIC = NO;
				GCC_NO_COMMON_BLOCKS = YES;
				GCC_OPTIMIZATION_LEVEL = 0;
				GCC_PREPROCESSOR_DEFINITIONS = (
					"DEBUG=1",
					"$(inherited)",
				);
				GCC_WARN_64_TO_32_BIT_CONVERSION = YES;
				GCC_WARN_ABOUT_RETURN_TYPE = YES_ERROR;
				GCC_WARN_UNDECLARED_SELECTOR = YES;
				GCC_WARN_UNINITIALIZED_AUTOS = YES_AGGRESSIVE;
				GCC_WARN_UNUSED_FUNCTION = YES;
				GCC_WARN_UNUSED_VARIABLE = YES;
				IPHONEOS_DEPLOYMENT_TARGET = 13.0;
				MTL_ENABLE_DEBUG_INFO = INCLUDE_SOURCE;
				MTL_FAST_MATH = YES;
				ONLY_ACTIVE_ARCH = YES;
				SDKROOT = iphoneos;
				SWIFT_ACTIVE_COMPILATION_CONDITIONS = DEBUG;
				SWIFT_OPTIMIZATION_LEVEL = "-Onone";
			};
			name = Debug;
		};
		877AE46F2398FC7E008835AB /* Release */ = {
			isa = XCBuildConfiguration;
			buildSettings = {
				ALWAYS_SEARCH_USER_PATHS = NO;
				CLANG_ANALYZER_NONNULL = YES;
				CLANG_ANALYZER_NUMBER_OBJECT_CONVERSION = YES_AGGRESSIVE;
				CLANG_CXX_LANGUAGE_STANDARD = "gnu++14";
				CLANG_CXX_LIBRARY = "libc++";
				CLANG_ENABLE_MODULES = YES;
				CLANG_ENABLE_OBJC_ARC = YES;
				CLANG_ENABLE_OBJC_WEAK = YES;
				CLANG_WARN_BLOCK_CAPTURE_AUTORELEASING = YES;
				CLANG_WARN_BOOL_CONVERSION = YES;
				CLANG_WARN_COMMA = YES;
				CLANG_WARN_CONSTANT_CONVERSION = YES;
				CLANG_WARN_DEPRECATED_OBJC_IMPLEMENTATIONS = YES;
				CLANG_WARN_DIRECT_OBJC_ISA_USAGE = YES_ERROR;
				CLANG_WARN_DOCUMENTATION_COMMENTS = YES;
				CLANG_WARN_EMPTY_BODY = YES;
				CLANG_WARN_ENUM_CONVERSION = YES;
				CLANG_WARN_INFINITE_RECURSION = YES;
				CLANG_WARN_INT_CONVERSION = YES;
				CLANG_WARN_NON_LITERAL_NULL_CONVERSION = YES;
				CLANG_WARN_OBJC_IMPLICIT_RETAIN_SELF = YES;
				CLANG_WARN_OBJC_LITERAL_CONVERSION = YES;
				CLANG_WARN_OBJC_ROOT_CLASS = YES_ERROR;
				CLANG_WARN_RANGE_LOOP_ANALYSIS = YES;
				CLANG_WARN_STRICT_PROTOTYPES = YES;
				CLANG_WARN_SUSPICIOUS_MOVE = YES;
				CLANG_WARN_UNGUARDED_AVAILABILITY = YES_AGGRESSIVE;
				CLANG_WARN_UNREACHABLE_CODE = YES;
				CLANG_WARN__DUPLICATE_METHOD_MATCH = YES;
				COPY_PHASE_STRIP = NO;
				DEBUG_INFORMATION_FORMAT = "dwarf-with-dsym";
				ENABLE_NS_ASSERTIONS = NO;
				ENABLE_STRICT_OBJC_MSGSEND = YES;
				GCC_C_LANGUAGE_STANDARD = gnu11;
				GCC_NO_COMMON_BLOCKS = YES;
				GCC_WARN_64_TO_32_BIT_CONVERSION = YES;
				GCC_WARN_ABOUT_RETURN_TYPE = YES_ERROR;
				GCC_WARN_UNDECLARED_SELECTOR = YES;
				GCC_WARN_UNINITIALIZED_AUTOS = YES_AGGRESSIVE;
				GCC_WARN_UNUSED_FUNCTION = YES;
				GCC_WARN_UNUSED_VARIABLE = YES;
				IPHONEOS_DEPLOYMENT_TARGET = 13.0;
				MTL_ENABLE_DEBUG_INFO = NO;
				MTL_FAST_MATH = YES;
				SDKROOT = iphoneos;
				SWIFT_COMPILATION_MODE = wholemodule;
				SWIFT_OPTIMIZATION_LEVEL = "-O";
				VALIDATE_PRODUCT = YES;
			};
			name = Release;
		};
		877AE4712398FC7E008835AB /* Debug */ = {
			isa = XCBuildConfiguration;
			buildSettings = {
				ASSETCATALOG_COMPILER_APPICON_NAME = AppIcon;
				CODE_SIGN_STYLE = Automatic;
				INFOPLIST_FILE = MAD2_Revision2/Info.plist;
				LD_RUNPATH_SEARCH_PATHS = (
					"$(inherited)",
					"@executable_path/Frameworks",
				);
				PRODUCT_BUNDLE_IDENTIFIER = "sg.mad2.MAD2-Revision2";
				PRODUCT_NAME = "$(TARGET_NAME)";
				SWIFT_VERSION = 5.0;
				TARGETED_DEVICE_FAMILY = "1,2";
			};
			name = Debug;
		};
		877AE4722398FC7E008835AB /* Release */ = {
			isa = XCBuildConfiguration;
			buildSettings = {
				ASSETCATALOG_COMPILER_APPICON_NAME = AppIcon;
				CODE_SIGN_STYLE = Automatic;
				INFOPLIST_FILE = MAD2_Revision2/Info.plist;
				LD_RUNPATH_SEARCH_PATHS = (
					"$(inherited)",
					"@executable_path/Frameworks",
				);
				PRODUCT_BUNDLE_IDENTIFIER = "sg.mad2.MAD2-Revision2";
				PRODUCT_NAME = "$(TARGET_NAME)";
				SWIFT_VERSION = 5.0;
				TARGETED_DEVICE_FAMILY = "1,2";
			};
			name = Release;
		};
/* End XCBuildConfiguration section */

/* Begin XCConfigurationList section */
		877AE4542398FC7E008835AB /* Build configuration list for PBXProject "MAD2_Revision2" */ = {
			isa = XCConfigurationList;
			buildConfigurations = (
				877AE46E2398FC7E008835AB /* Debug */,
				877AE46F2398FC7E008835AB /* Release */,
			);
			defaultConfigurationIsVisible = 0;
			defaultConfigurationName = Release;
		};
		877AE4702398FC7E008835AB /* Build configuration list for PBXNativeTarget "MAD2_Revision2" */ = {
			isa = XCConfigurationList;
			buildConfigurations = (
				877AE4712398FC7E008835AB /* Debug */,
				877AE4722398FC7E008835AB /* Release */,
			);
			defaultConfigurationIsVisible = 0;
			defaultConfigurationName = Release;
		};
/* End XCConfigurationList section */

/* Begin XCVersionGroup section */
		877AE4652398FC7E008835AB /* MAD2_Revision2.xcdatamodeld */ = {
			isa = XCVersionGroup;
			children = (
				877AE4662398FC7E008835AB /* MAD2_Revision2.xcdatamodel */,
			);
			currentVersion = 877AE4662398FC7E008835AB /* MAD2_Revision2.xcdatamodel */;
			path = MAD2_Revision2.xcdatamodeld;
			sourceTree = "<group>";
			versionGroupType = wrapper.xcdatamodel;
		};
/* End XCVersionGroup section */
	};
	rootObject = 877AE4512398FC7E008835AB /* Project object */;
}
